// !$*UTF8*$!
{
	archiveVersion = 1;
	classes = {
	};
	objectVersion = 46;
	objects = {

/* Begin PBXBuildFile section */
		CA8A24601D24BF0E002731BC /* LFMath.m in Sources */ = {isa = PBXBuildFile; fileRef = CA8A245F1D24BF0E002731BC /* LFMath.m */; };
		CA8A24781D24BFBA002731BC /* libLFCore.a in Frameworks */ = {isa = PBXBuildFile; fileRef = CA8A24521D24BEB3002731BC /* libLFCore.a */; };
		CA8A24851D24C01D002731BC /* LFFoundationTests.m in Sources */ = {isa = PBXBuildFile; fileRef = CA8A24841D24C01D002731BC /* LFFoundationTests.m */; };
		CA8A24871D24C01D002731BC /* libLFFoundation.a in Frameworks */ = {isa = PBXBuildFile; fileRef = CA8A24651D24BF37002731BC /* libLFFoundation.a */; };
		CA8A248E1D24C045002731BC /* LFMathTestCase.m in Sources */ = {isa = PBXBuildFile; fileRef = CA8A248D1D24C045002731BC /* LFMathTestCase.m */; };
		CA8A24941D24CA89002731BC /* LFPaths.m in Sources */ = {isa = PBXBuildFile; fileRef = CA8A24931D24CA89002731BC /* LFPaths.m */; };
		CA8A24A51D24EF26002731BC /* LFViewRecycler.m in Sources */ = {isa = PBXBuildFile; fileRef = CA8A24A41D24EF26002731BC /* LFViewRecycler.m */; };
		CA8A24AF1D262096002731BC /* LFNSDictionaryUtils.m in Sources */ = {isa = PBXBuildFile; fileRef = CA8A24AE1D262096002731BC /* LFNSDictionaryUtils.m */; };
		CA8A24B21D2651CF002731BC /* LFNSStringUtils.m in Sources */ = {isa = PBXBuildFile; fileRef = CA8A24B11D2651CF002731BC /* LFNSStringUtils.m */; };
		CA8A24CA1D2660D6002731BC /* LFCCHexStringEncoding.m in Sources */ = {isa = PBXBuildFile; fileRef = CA8A24C21D2660D6002731BC /* LFCCHexStringEncoding.m */; };
		CA8A24CB1D2660D6002731BC /* LFCommonCryptor.m in Sources */ = {isa = PBXBuildFile; fileRef = CA8A24C51D2660D6002731BC /* LFCommonCryptor.m */; };
		CA8A24CC1D2660D6002731BC /* LFCommonDigest.m in Sources */ = {isa = PBXBuildFile; fileRef = CA8A24C71D2660D6002731BC /* LFCommonDigest.m */; };
		CA8A24CD1D2660D6002731BC /* LFCommonHMAC.m in Sources */ = {isa = PBXBuildFile; fileRef = CA8A24C91D2660D6002731BC /* LFCommonHMAC.m */; };
		CA8A24D21D26714F002731BC /* LFContentSize.m in Sources */ = {isa = PBXBuildFile; fileRef = CA8A24D11D26714F002731BC /* LFContentSize.m */; };
		CA8A24DA1D2A01C8002731BC /* LFToolboxUIKitTests.m in Sources */ = {isa = PBXBuildFile; fileRef = CA8A24D91D2A01C8002731BC /* LFToolboxUIKitTests.m */; };
		CA8A24DC1D2A01C8002731BC /* libLFUIKit.a in Frameworks */ = {isa = PBXBuildFile; fileRef = CA8A24991D24EE95002731BC /* libLFUIKit.a */; };
		CA8A24E41D2A097C002731BC /* LFNSRegularExpressionUtils.m in Sources */ = {isa = PBXBuildFile; fileRef = CA8A24E31D2A097C002731BC /* LFNSRegularExpressionUtils.m */; };
		CA8A24E71D2A191A002731BC /* LFNSJSONSerializationUtils.m in Sources */ = {isa = PBXBuildFile; fileRef = CA8A24E61D2A191A002731BC /* LFNSJSONSerializationUtils.m */; };
		CA8A250E1D2B5262002731BC /* LFZipArchive.m in Sources */ = {isa = PBXBuildFile; fileRef = CA8A250C1D2B5262002731BC /* LFZipArchive.m */; };
		CA8A25191D2B528B002731BC /* ioapi.c in Sources */ = {isa = PBXBuildFile; fileRef = CA8A25111D2B528B002731BC /* ioapi.c */; };
		CA8A251A1D2B528B002731BC /* mztools.c in Sources */ = {isa = PBXBuildFile; fileRef = CA8A25131D2B528B002731BC /* mztools.c */; };
		CA8A251B1D2B528B002731BC /* unzip.c in Sources */ = {isa = PBXBuildFile; fileRef = CA8A25151D2B528B002731BC /* unzip.c */; };
		CA8A251C1D2B528B002731BC /* zip.c in Sources */ = {isa = PBXBuildFile; fileRef = CA8A25171D2B528B002731BC /* zip.c */; };
		CA8A251F1D2B60B6002731BC /* LFStringCoder.m in Sources */ = {isa = PBXBuildFile; fileRef = CA8A251E1D2B60B6002731BC /* LFStringCoder.m */; };
		CA8A25221D2BC884002731BC /* LFRSACryptor.m in Sources */ = {isa = PBXBuildFile; fileRef = CA8A25211D2BC884002731BC /* LFRSACryptor.m */; };
		CA8A25251D2DF5AC002731BC /* LFGeometryUtils.m in Sources */ = {isa = PBXBuildFile; fileRef = CA8A25241D2DF5AC002731BC /* LFGeometryUtils.m */; };
		CA8A25281D2E085C002731BC /* LFUIImageUtils.m in Sources */ = {isa = PBXBuildFile; fileRef = CA8A25271D2E085C002731BC /* LFUIImageUtils.m */; };
		CA8A252E1D2E2992002731BC /* LFGIFImage.m in Sources */ = {isa = PBXBuildFile; fileRef = CA8A252C1D2E2992002731BC /* LFGIFImage.m */; };
		CA8A25311D2E2BE6002731BC /* LFWeakProxy.m in Sources */ = {isa = PBXBuildFile; fileRef = CA8A25301D2E2BE6002731BC /* LFWeakProxy.m */; };
		CA8A25441D2F8EC0002731BC /* LFNSBundleUtils.m in Sources */ = {isa = PBXBuildFile; fileRef = CA8A25431D2F8EC0002731BC /* LFNSBundleUtils.m */; };
		CA8A25471D2F9B29002731BC /* LFNSDataUtils.m in Sources */ = {isa = PBXBuildFile; fileRef = CA8A25461D2F9B29002731BC /* LFNSDataUtils.m */; };
		CA8A254A1D2F9ECA002731BC /* LFNSDateUtils.m in Sources */ = {isa = PBXBuildFile; fileRef = CA8A25491D2F9ECA002731BC /* LFNSDateUtils.m */; };
		CACCB5591D334F22004AEA7A /* LFNSNotificationCenterUtils.m in Sources */ = {isa = PBXBuildFile; fileRef = CACCB5581D334F22004AEA7A /* LFNSNotificationCenterUtils.m */; };
/* End PBXBuildFile section */

/* Begin PBXContainerItemProxy section */
		CA8A24791D24BFBA002731BC /* PBXContainerItemProxy */ = {
			isa = PBXContainerItemProxy;
			containerPortal = CA8A24391D24BDB7002731BC /* Project object */;
			proxyType = 1;
			remoteGlobalIDString = CA8A24511D24BEB3002731BC;
			remoteInfo = LFCore;
		};
		CA8A24881D24C01D002731BC /* PBXContainerItemProxy */ = {
			isa = PBXContainerItemProxy;
			containerPortal = CA8A24391D24BDB7002731BC /* Project object */;
			proxyType = 1;
			remoteGlobalIDString = CA8A24641D24BF37002731BC;
			remoteInfo = LFFoundation;
		};
		CA8A24CE1D2664CE002731BC /* PBXContainerItemProxy */ = {
			isa = PBXContainerItemProxy;
			containerPortal = CA8A24391D24BDB7002731BC /* Project object */;
			proxyType = 1;
			remoteGlobalIDString = CA8A24B61D266085002731BC;
			remoteInfo = LFToolboxSecurity;
		};
		CA8A24DD1D2A01C8002731BC /* PBXContainerItemProxy */ = {
			isa = PBXContainerItemProxy;
			containerPortal = CA8A24391D24BDB7002731BC /* Project object */;
			proxyType = 1;
			remoteGlobalIDString = CA8A24981D24EE95002731BC;
			remoteInfo = LFUIKit;
		};
		CA8A25321D2E2C3C002731BC /* PBXContainerItemProxy */ = {
			isa = PBXContainerItemProxy;
			containerPortal = CA8A24391D24BDB7002731BC /* Project object */;
			proxyType = 1;
			remoteGlobalIDString = CA8A24511D24BEB3002731BC;
			remoteInfo = LFCore;
		};
		CA8A25341D2E3456002731BC /* PBXContainerItemProxy */ = {
			isa = PBXContainerItemProxy;
			containerPortal = CA8A24391D24BDB7002731BC /* Project object */;
			proxyType = 1;
			remoteGlobalIDString = CA8A24641D24BF37002731BC;
			remoteInfo = LFFoundation;
		};
/* End PBXContainerItemProxy section */

/* Begin PBXCopyFilesBuildPhase section */
		CA8A24501D24BEB3002731BC /* CopyFiles */ = {
			isa = PBXCopyFilesBuildPhase;
			buildActionMask = 2147483647;
			dstPath = "include/$(PRODUCT_NAME)";
			dstSubfolderSpec = 16;
			files = (
			);
			runOnlyForDeploymentPostprocessing = 0;
		};
		CA8A24631D24BF37002731BC /* CopyFiles */ = {
			isa = PBXCopyFilesBuildPhase;
			buildActionMask = 2147483647;
			dstPath = "include/$(PRODUCT_NAME)";
			dstSubfolderSpec = 16;
			files = (
			);
			runOnlyForDeploymentPostprocessing = 0;
		};
		CA8A24971D24EE95002731BC /* CopyFiles */ = {
			isa = PBXCopyFilesBuildPhase;
			buildActionMask = 2147483647;
			dstPath = "include/$(PRODUCT_NAME)";
			dstSubfolderSpec = 16;
			files = (
			);
			runOnlyForDeploymentPostprocessing = 0;
		};
		CA8A24B51D266085002731BC /* CopyFiles */ = {
			isa = PBXCopyFilesBuildPhase;
			buildActionMask = 2147483647;
			dstPath = "include/$(PRODUCT_NAME)";
			dstSubfolderSpec = 16;
			files = (
			);
			runOnlyForDeploymentPostprocessing = 0;
		};
/* End PBXCopyFilesBuildPhase section */

/* Begin PBXFileReference section */
		CA8A24521D24BEB3002731BC /* libLFCore.a */ = {isa = PBXFileReference; explicitFileType = archive.ar; includeInIndex = 0; path = libLFCore.a; sourceTree = BUILT_PRODUCTS_DIR; };
		CA8A245D1D24BF0E002731BC /* LFCore.h */ = {isa = PBXFileReference; fileEncoding = 4; lastKnownFileType = sourcecode.c.h; path = LFCore.h; sourceTree = "<group>"; };
		CA8A245E1D24BF0E002731BC /* LFMath.h */ = {isa = PBXFileReference; fileEncoding = 4; lastKnownFileType = sourcecode.c.h; path = LFMath.h; sourceTree = "<group>"; };
		CA8A245F1D24BF0E002731BC /* LFMath.m */ = {isa = PBXFileReference; fileEncoding = 4; lastKnownFileType = sourcecode.c.objc; path = LFMath.m; sourceTree = "<group>"; };
		CA8A24651D24BF37002731BC /* libLFFoundation.a */ = {isa = PBXFileReference; explicitFileType = archive.ar; includeInIndex = 0; path = libLFFoundation.a; sourceTree = BUILT_PRODUCTS_DIR; };
		CA8A24731D24BFBA002731BC /* LFCoreTests.xctest */ = {isa = PBXFileReference; explicitFileType = wrapper.cfbundle; includeInIndex = 0; path = LFCoreTests.xctest; sourceTree = BUILT_PRODUCTS_DIR; };
		CA8A24771D24BFBA002731BC /* Info.plist */ = {isa = PBXFileReference; lastKnownFileType = text.plist.xml; path = Info.plist; sourceTree = "<group>"; };
		CA8A24821D24C01D002731BC /* LFFoundationTests.xctest */ = {isa = PBXFileReference; explicitFileType = wrapper.cfbundle; includeInIndex = 0; path = LFFoundationTests.xctest; sourceTree = BUILT_PRODUCTS_DIR; };
		CA8A24841D24C01D002731BC /* LFFoundationTests.m */ = {isa = PBXFileReference; lastKnownFileType = sourcecode.c.objc; path = LFFoundationTests.m; sourceTree = "<group>"; };
		CA8A24861D24C01D002731BC /* Info.plist */ = {isa = PBXFileReference; lastKnownFileType = text.plist.xml; path = Info.plist; sourceTree = "<group>"; };
		CA8A248D1D24C045002731BC /* LFMathTestCase.m */ = {isa = PBXFileReference; fileEncoding = 4; lastKnownFileType = sourcecode.c.objc; path = LFMathTestCase.m; sourceTree = "<group>"; };
		CA8A248F1D24C245002731BC /* LFCoreDefines.h */ = {isa = PBXFileReference; fileEncoding = 4; lastKnownFileType = sourcecode.c.h; path = LFCoreDefines.h; sourceTree = "<group>"; };
		CA8A24921D24CA89002731BC /* LFPaths.h */ = {isa = PBXFileReference; fileEncoding = 4; lastKnownFileType = sourcecode.c.h; path = LFPaths.h; sourceTree = "<group>"; };
		CA8A24931D24CA89002731BC /* LFPaths.m */ = {isa = PBXFileReference; fileEncoding = 4; lastKnownFileType = sourcecode.c.objc; path = LFPaths.m; sourceTree = "<group>"; };
		CA8A24991D24EE95002731BC /* libLFUIKit.a */ = {isa = PBXFileReference; explicitFileType = archive.ar; includeInIndex = 0; path = libLFUIKit.a; sourceTree = BUILT_PRODUCTS_DIR; };
		CA8A24A31D24EF26002731BC /* LFViewRecycler.h */ = {isa = PBXFileReference; fileEncoding = 4; lastKnownFileType = sourcecode.c.h; path = LFViewRecycler.h; sourceTree = "<group>"; };
		CA8A24A41D24EF26002731BC /* LFViewRecycler.m */ = {isa = PBXFileReference; fileEncoding = 4; lastKnownFileType = sourcecode.c.objc; path = LFViewRecycler.m; sourceTree = "<group>"; };
		CA8A24A61D24EFE8002731BC /* LFUIKit.h */ = {isa = PBXFileReference; lastKnownFileType = sourcecode.c.h; path = LFUIKit.h; sourceTree = "<group>"; };
		CA8A24A71D24F008002731BC /* LFUIKitDefines.h */ = {isa = PBXFileReference; lastKnownFileType = sourcecode.c.h; path = LFUIKitDefines.h; sourceTree = "<group>"; };
		CA8A24A81D24F017002731BC /* LFFoundation.h */ = {isa = PBXFileReference; lastKnownFileType = sourcecode.c.h; path = LFFoundation.h; sourceTree = "<group>"; };
		CA8A24A91D24F032002731BC /* LFFoundationDefines.h */ = {isa = PBXFileReference; lastKnownFileType = sourcecode.c.h; path = LFFoundationDefines.h; sourceTree = "<group>"; };
		CA8A24AD1D262096002731BC /* LFNSDictionaryUtils.h */ = {isa = PBXFileReference; fileEncoding = 4; lastKnownFileType = sourcecode.c.h; path = LFNSDictionaryUtils.h; sourceTree = "<group>"; };
		CA8A24AE1D262096002731BC /* LFNSDictionaryUtils.m */ = {isa = PBXFileReference; fileEncoding = 4; lastKnownFileType = sourcecode.c.objc; path = LFNSDictionaryUtils.m; sourceTree = "<group>"; };
		CA8A24B01D2651CF002731BC /* LFNSStringUtils.h */ = {isa = PBXFileReference; fileEncoding = 4; lastKnownFileType = sourcecode.c.h; path = LFNSStringUtils.h; sourceTree = "<group>"; };
		CA8A24B11D2651CF002731BC /* LFNSStringUtils.m */ = {isa = PBXFileReference; fileEncoding = 4; lastKnownFileType = sourcecode.c.objc; path = LFNSStringUtils.m; sourceTree = "<group>"; };
		CA8A24B71D266085002731BC /* libLFToolboxSecurity.a */ = {isa = PBXFileReference; explicitFileType = archive.ar; includeInIndex = 0; path = libLFToolboxSecurity.a; sourceTree = BUILT_PRODUCTS_DIR; };
		CA8A24C11D2660D6002731BC /* LFCCHexStringEncoding.h */ = {isa = PBXFileReference; fileEncoding = 4; lastKnownFileType = sourcecode.c.h; path = LFCCHexStringEncoding.h; sourceTree = "<group>"; };
		CA8A24C21D2660D6002731BC /* LFCCHexStringEncoding.m */ = {isa = PBXFileReference; fileEncoding = 4; lastKnownFileType = sourcecode.c.objc; path = LFCCHexStringEncoding.m; sourceTree = "<group>"; };
		CA8A24C31D2660D6002731BC /* LFCommonCrypto.h */ = {isa = PBXFileReference; fileEncoding = 4; lastKnownFileType = sourcecode.c.h; path = LFCommonCrypto.h; sourceTree = "<group>"; };
		CA8A24C41D2660D6002731BC /* LFCommonCryptor.h */ = {isa = PBXFileReference; fileEncoding = 4; lastKnownFileType = sourcecode.c.h; path = LFCommonCryptor.h; sourceTree = "<group>"; };
		CA8A24C51D2660D6002731BC /* LFCommonCryptor.m */ = {isa = PBXFileReference; fileEncoding = 4; lastKnownFileType = sourcecode.c.objc; path = LFCommonCryptor.m; sourceTree = "<group>"; };
		CA8A24C61D2660D6002731BC /* LFCommonDigest.h */ = {isa = PBXFileReference; fileEncoding = 4; lastKnownFileType = sourcecode.c.h; path = LFCommonDigest.h; sourceTree = "<group>"; };
		CA8A24C71D2660D6002731BC /* LFCommonDigest.m */ = {isa = PBXFileReference; fileEncoding = 4; lastKnownFileType = sourcecode.c.objc; path = LFCommonDigest.m; sourceTree = "<group>"; };
		CA8A24C81D2660D6002731BC /* LFCommonHMAC.h */ = {isa = PBXFileReference; fileEncoding = 4; lastKnownFileType = sourcecode.c.h; path = LFCommonHMAC.h; sourceTree = "<group>"; };
		CA8A24C91D2660D6002731BC /* LFCommonHMAC.m */ = {isa = PBXFileReference; fileEncoding = 4; lastKnownFileType = sourcecode.c.objc; path = LFCommonHMAC.m; sourceTree = "<group>"; };
		CA8A24D01D26714F002731BC /* LFContentSize.h */ = {isa = PBXFileReference; fileEncoding = 4; lastKnownFileType = sourcecode.c.h; path = LFContentSize.h; sourceTree = "<group>"; };
		CA8A24D11D26714F002731BC /* LFContentSize.m */ = {isa = PBXFileReference; fileEncoding = 4; lastKnownFileType = sourcecode.c.objc; path = LFContentSize.m; sourceTree = "<group>"; };
		CA8A24D71D2A01C8002731BC /* LFToolboxUIKitTests.xctest */ = {isa = PBXFileReference; explicitFileType = wrapper.cfbundle; includeInIndex = 0; path = LFToolboxUIKitTests.xctest; sourceTree = BUILT_PRODUCTS_DIR; };
		CA8A24D91D2A01C8002731BC /* LFToolboxUIKitTests.m */ = {isa = PBXFileReference; lastKnownFileType = sourcecode.c.objc; path = LFToolboxUIKitTests.m; sourceTree = "<group>"; };
		CA8A24DB1D2A01C8002731BC /* Info.plist */ = {isa = PBXFileReference; lastKnownFileType = text.plist.xml; path = Info.plist; sourceTree = "<group>"; };
		CA8A24E21D2A097C002731BC /* LFNSRegularExpressionUtils.h */ = {isa = PBXFileReference; fileEncoding = 4; lastKnownFileType = sourcecode.c.h; path = LFNSRegularExpressionUtils.h; sourceTree = "<group>"; };
		CA8A24E31D2A097C002731BC /* LFNSRegularExpressionUtils.m */ = {isa = PBXFileReference; fileEncoding = 4; lastKnownFileType = sourcecode.c.objc; path = LFNSRegularExpressionUtils.m; sourceTree = "<group>"; };
		CA8A24E51D2A191A002731BC /* LFNSJSONSerializationUtils.h */ = {isa = PBXFileReference; fileEncoding = 4; lastKnownFileType = sourcecode.c.h; path = LFNSJSONSerializationUtils.h; sourceTree = "<group>"; };
		CA8A24E61D2A191A002731BC /* LFNSJSONSerializationUtils.m */ = {isa = PBXFileReference; fileEncoding = 4; lastKnownFileType = sourcecode.c.objc; path = LFNSJSONSerializationUtils.m; sourceTree = "<group>"; };
		CA8A250B1D2B5262002731BC /* LFZipArchive.h */ = {isa = PBXFileReference; fileEncoding = 4; lastKnownFileType = sourcecode.c.h; path = LFZipArchive.h; sourceTree = "<group>"; };
		CA8A250C1D2B5262002731BC /* LFZipArchive.m */ = {isa = PBXFileReference; fileEncoding = 4; lastKnownFileType = sourcecode.c.objc; path = LFZipArchive.m; sourceTree = "<group>"; };
		CA8A25101D2B528B002731BC /* crypt.h */ = {isa = PBXFileReference; fileEncoding = 4; lastKnownFileType = sourcecode.c.h; path = crypt.h; sourceTree = "<group>"; };
		CA8A25111D2B528B002731BC /* ioapi.c */ = {isa = PBXFileReference; fileEncoding = 4; lastKnownFileType = sourcecode.c.c; path = ioapi.c; sourceTree = "<group>"; };
		CA8A25121D2B528B002731BC /* ioapi.h */ = {isa = PBXFileReference; fileEncoding = 4; lastKnownFileType = sourcecode.c.h; path = ioapi.h; sourceTree = "<group>"; };
		CA8A25131D2B528B002731BC /* mztools.c */ = {isa = PBXFileReference; fileEncoding = 4; lastKnownFileType = sourcecode.c.c; path = mztools.c; sourceTree = "<group>"; };
		CA8A25141D2B528B002731BC /* mztools.h */ = {isa = PBXFileReference; fileEncoding = 4; lastKnownFileType = sourcecode.c.h; path = mztools.h; sourceTree = "<group>"; };
		CA8A25151D2B528B002731BC /* unzip.c */ = {isa = PBXFileReference; fileEncoding = 4; lastKnownFileType = sourcecode.c.c; path = unzip.c; sourceTree = "<group>"; };
		CA8A25161D2B528B002731BC /* unzip.h */ = {isa = PBXFileReference; fileEncoding = 4; lastKnownFileType = sourcecode.c.h; path = unzip.h; sourceTree = "<group>"; };
		CA8A25171D2B528B002731BC /* zip.c */ = {isa = PBXFileReference; fileEncoding = 4; lastKnownFileType = sourcecode.c.c; path = zip.c; sourceTree = "<group>"; };
		CA8A25181D2B528B002731BC /* zip.h */ = {isa = PBXFileReference; fileEncoding = 4; lastKnownFileType = sourcecode.c.h; path = zip.h; sourceTree = "<group>"; };
		CA8A251D1D2B60B6002731BC /* LFStringCoder.h */ = {isa = PBXFileReference; fileEncoding = 4; lastKnownFileType = sourcecode.c.h; path = LFStringCoder.h; sourceTree = "<group>"; };
		CA8A251E1D2B60B6002731BC /* LFStringCoder.m */ = {isa = PBXFileReference; fileEncoding = 4; lastKnownFileType = sourcecode.c.objc; path = LFStringCoder.m; sourceTree = "<group>"; };
		CA8A25201D2BC884002731BC /* LFRSACryptor.h */ = {isa = PBXFileReference; fileEncoding = 4; lastKnownFileType = sourcecode.c.h; path = LFRSACryptor.h; sourceTree = "<group>"; };
		CA8A25211D2BC884002731BC /* LFRSACryptor.m */ = {isa = PBXFileReference; fileEncoding = 4; lastKnownFileType = sourcecode.c.objc; path = LFRSACryptor.m; sourceTree = "<group>"; };
		CA8A25231D2DF5AC002731BC /* LFGeometryUtils.h */ = {isa = PBXFileReference; fileEncoding = 4; lastKnownFileType = sourcecode.c.h; path = LFGeometryUtils.h; sourceTree = "<group>"; };
		CA8A25241D2DF5AC002731BC /* LFGeometryUtils.m */ = {isa = PBXFileReference; fileEncoding = 4; lastKnownFileType = sourcecode.c.objc; path = LFGeometryUtils.m; sourceTree = "<group>"; };
		CA8A25261D2E085C002731BC /* LFUIImageUtils.h */ = {isa = PBXFileReference; fileEncoding = 4; lastKnownFileType = sourcecode.c.h; path = LFUIImageUtils.h; sourceTree = "<group>"; };
		CA8A25271D2E085C002731BC /* LFUIImageUtils.m */ = {isa = PBXFileReference; fileEncoding = 4; lastKnownFileType = sourcecode.c.objc; path = LFUIImageUtils.m; sourceTree = "<group>"; };
		CA8A252B1D2E2992002731BC /* LFGIFImage.h */ = {isa = PBXFileReference; fileEncoding = 4; lastKnownFileType = sourcecode.c.h; path = LFGIFImage.h; sourceTree = "<group>"; };
		CA8A252C1D2E2992002731BC /* LFGIFImage.m */ = {isa = PBXFileReference; fileEncoding = 4; lastKnownFileType = sourcecode.c.objc; path = LFGIFImage.m; sourceTree = "<group>"; };
		CA8A252F1D2E2BE6002731BC /* LFWeakProxy.h */ = {isa = PBXFileReference; fileEncoding = 4; lastKnownFileType = sourcecode.c.h; path = LFWeakProxy.h; sourceTree = "<group>"; };
		CA8A25301D2E2BE6002731BC /* LFWeakProxy.m */ = {isa = PBXFileReference; fileEncoding = 4; lastKnownFileType = sourcecode.c.objc; path = LFWeakProxy.m; sourceTree = "<group>"; };
		CA8A25421D2F8EC0002731BC /* LFNSBundleUtils.h */ = {isa = PBXFileReference; fileEncoding = 4; lastKnownFileType = sourcecode.c.h; path = LFNSBundleUtils.h; sourceTree = "<group>"; };
		CA8A25431D2F8EC0002731BC /* LFNSBundleUtils.m */ = {isa = PBXFileReference; fileEncoding = 4; lastKnownFileType = sourcecode.c.objc; path = LFNSBundleUtils.m; sourceTree = "<group>"; };
		CA8A25451D2F9B29002731BC /* LFNSDataUtils.h */ = {isa = PBXFileReference; fileEncoding = 4; lastKnownFileType = sourcecode.c.h; path = LFNSDataUtils.h; sourceTree = "<group>"; };
		CA8A25461D2F9B29002731BC /* LFNSDataUtils.m */ = {isa = PBXFileReference; fileEncoding = 4; lastKnownFileType = sourcecode.c.objc; path = LFNSDataUtils.m; sourceTree = "<group>"; };
		CA8A25481D2F9ECA002731BC /* LFNSDateUtils.h */ = {isa = PBXFileReference; fileEncoding = 4; lastKnownFileType = sourcecode.c.h; path = LFNSDateUtils.h; sourceTree = "<group>"; };
		CA8A25491D2F9ECA002731BC /* LFNSDateUtils.m */ = {isa = PBXFileReference; fileEncoding = 4; lastKnownFileType = sourcecode.c.objc; path = LFNSDateUtils.m; sourceTree = "<group>"; };
		CACCB5571D334F22004AEA7A /* LFNSNotificationCenterUtils.h */ = {isa = PBXFileReference; fileEncoding = 4; lastKnownFileType = sourcecode.c.h; path = LFNSNotificationCenterUtils.h; sourceTree = "<group>"; };
		CACCB5581D334F22004AEA7A /* LFNSNotificationCenterUtils.m */ = {isa = PBXFileReference; fileEncoding = 4; lastKnownFileType = sourcecode.c.objc; path = LFNSNotificationCenterUtils.m; sourceTree = "<group>"; };
/* End PBXFileReference section */

/* Begin PBXFrameworksBuildPhase section */
		CA8A244F1D24BEB3002731BC /* Frameworks */ = {
			isa = PBXFrameworksBuildPhase;
			buildActionMask = 2147483647;
			files = (
			);
			runOnlyForDeploymentPostprocessing = 0;
		};
		CA8A24621D24BF37002731BC /* Frameworks */ = {
			isa = PBXFrameworksBuildPhase;
			buildActionMask = 2147483647;
			files = (
			);
			runOnlyForDeploymentPostprocessing = 0;
		};
		CA8A24701D24BFBA002731BC /* Frameworks */ = {
			isa = PBXFrameworksBuildPhase;
			buildActionMask = 2147483647;
			files = (
				CA8A24781D24BFBA002731BC /* libLFCore.a in Frameworks */,
			);
			runOnlyForDeploymentPostprocessing = 0;
		};
		CA8A247F1D24C01D002731BC /* Frameworks */ = {
			isa = PBXFrameworksBuildPhase;
			buildActionMask = 2147483647;
			files = (
				CA8A24871D24C01D002731BC /* libLFFoundation.a in Frameworks */,
			);
			runOnlyForDeploymentPostprocessing = 0;
		};
		CA8A24961D24EE95002731BC /* Frameworks */ = {
			isa = PBXFrameworksBuildPhase;
			buildActionMask = 2147483647;
			files = (
			);
			runOnlyForDeploymentPostprocessing = 0;
		};
		CA8A24B41D266085002731BC /* Frameworks */ = {
			isa = PBXFrameworksBuildPhase;
			buildActionMask = 2147483647;
			files = (
			);
			runOnlyForDeploymentPostprocessing = 0;
		};
		CA8A24D41D2A01C8002731BC /* Frameworks */ = {
			isa = PBXFrameworksBuildPhase;
			buildActionMask = 2147483647;
			files = (
				CA8A24DC1D2A01C8002731BC /* libLFUIKit.a in Frameworks */,
			);
			runOnlyForDeploymentPostprocessing = 0;
		};
/* End PBXFrameworksBuildPhase section */

/* Begin PBXGroup section */
		CA8A24381D24BDB7002731BC = {
			isa = PBXGroup;
			children = (
				CA8A24531D24BEB3002731BC /* LFToolboxCore */,
				CA8A24661D24BF37002731BC /* LFToolboxFoundation */,
				CA8A249A1D24EE95002731BC /* LFToolboxUIKit */,
				CA8A24B81D266085002731BC /* LFToolboxSecurity */,
				CA8A24741D24BFBA002731BC /* LFToolboxCoreTests */,
				CA8A24831D24C01D002731BC /* LFToolboxFoundationTests */,
				CA8A24D81D2A01C8002731BC /* LFToolboxUIKitTests */,
				CA8A24421D24BDB7002731BC /* Products */,
			);
			sourceTree = "<group>";
		};
		CA8A24421D24BDB7002731BC /* Products */ = {
			isa = PBXGroup;
			children = (
				CA8A24521D24BEB3002731BC /* libLFCore.a */,
				CA8A24651D24BF37002731BC /* libLFFoundation.a */,
				CA8A24731D24BFBA002731BC /* LFCoreTests.xctest */,
				CA8A24821D24C01D002731BC /* LFFoundationTests.xctest */,
				CA8A24991D24EE95002731BC /* libLFUIKit.a */,
				CA8A24B71D266085002731BC /* libLFToolboxSecurity.a */,
				CA8A24D71D2A01C8002731BC /* LFToolboxUIKitTests.xctest */,
			);
			name = Products;
			sourceTree = "<group>";
		};
		CA8A24531D24BEB3002731BC /* LFToolboxCore */ = {
			isa = PBXGroup;
			children = (
				CA8A245C1D24BEFE002731BC /* src */,
			);
			path = LFToolboxCore;
			sourceTree = "<group>";
		};
		CA8A245C1D24BEFE002731BC /* src */ = {
			isa = PBXGroup;
			children = (
				CA8A245D1D24BF0E002731BC /* LFCore.h */,
				CA8A248F1D24C245002731BC /* LFCoreDefines.h */,
				CA8A245E1D24BF0E002731BC /* LFMath.h */,
				CA8A245F1D24BF0E002731BC /* LFMath.m */,
				CA8A24921D24CA89002731BC /* LFPaths.h */,
				CA8A24931D24CA89002731BC /* LFPaths.m */,
				CA8A252F1D2E2BE6002731BC /* LFWeakProxy.h */,
				CA8A25301D2E2BE6002731BC /* LFWeakProxy.m */,
			);
			path = src;
			sourceTree = "<group>";
		};
		CA8A24661D24BF37002731BC /* LFToolboxFoundation */ = {
			isa = PBXGroup;
			children = (
				CA8A246E1D24BF44002731BC /* src */,
			);
			path = LFToolboxFoundation;
			sourceTree = "<group>";
		};
		CA8A246E1D24BF44002731BC /* src */ = {
			isa = PBXGroup;
			children = (
				CA8A250F1D2B526C002731BC /* minizip */,
				CA8A24A81D24F017002731BC /* LFFoundation.h */,
				CA8A24A91D24F032002731BC /* LFFoundationDefines.h */,
				CA8A250B1D2B5262002731BC /* LFZipArchive.h */,
				CA8A250C1D2B5262002731BC /* LFZipArchive.m */,
				CA8A24AD1D262096002731BC /* LFNSDictionaryUtils.h */,
				CA8A24AE1D262096002731BC /* LFNSDictionaryUtils.m */,
				CA8A24B01D2651CF002731BC /* LFNSStringUtils.h */,
				CA8A24B11D2651CF002731BC /* LFNSStringUtils.m */,
				CA8A24E21D2A097C002731BC /* LFNSRegularExpressionUtils.h */,
				CA8A24E31D2A097C002731BC /* LFNSRegularExpressionUtils.m */,
				CA8A24E51D2A191A002731BC /* LFNSJSONSerializationUtils.h */,
				CA8A24E61D2A191A002731BC /* LFNSJSONSerializationUtils.m */,
				CA8A251D1D2B60B6002731BC /* LFStringCoder.h */,
				CA8A251E1D2B60B6002731BC /* LFStringCoder.m */,
				CA8A25421D2F8EC0002731BC /* LFNSBundleUtils.h */,
				CA8A25431D2F8EC0002731BC /* LFNSBundleUtils.m */,
				CA8A25451D2F9B29002731BC /* LFNSDataUtils.h */,
				CA8A25461D2F9B29002731BC /* LFNSDataUtils.m */,
				CA8A25481D2F9ECA002731BC /* LFNSDateUtils.h */,
				CA8A25491D2F9ECA002731BC /* LFNSDateUtils.m */,
				CACCB5571D334F22004AEA7A /* LFNSNotificationCenterUtils.h */,
				CACCB5581D334F22004AEA7A /* LFNSNotificationCenterUtils.m */,
			);
			path = src;
			sourceTree = "<group>";
		};
		CA8A24741D24BFBA002731BC /* LFToolboxCoreTests */ = {
			isa = PBXGroup;
			children = (
				CA8A24771D24BFBA002731BC /* Info.plist */,
				CA8A248D1D24C045002731BC /* LFMathTestCase.m */,
			);
			path = LFToolboxCoreTests;
			sourceTree = "<group>";
		};
		CA8A24831D24C01D002731BC /* LFToolboxFoundationTests */ = {
			isa = PBXGroup;
			children = (
				CA8A24841D24C01D002731BC /* LFFoundationTests.m */,
				CA8A24861D24C01D002731BC /* Info.plist */,
			);
			path = LFToolboxFoundationTests;
			sourceTree = "<group>";
		};
		CA8A249A1D24EE95002731BC /* LFToolboxUIKit */ = {
			isa = PBXGroup;
			children = (
				CA8A24A21D24EEC4002731BC /* src */,
			);
			path = LFToolboxUIKit;
			sourceTree = "<group>";
		};
		CA8A24A21D24EEC4002731BC /* src */ = {
			isa = PBXGroup;
			children = (
				CA8A24A61D24EFE8002731BC /* LFUIKit.h */,
				CA8A24A71D24F008002731BC /* LFUIKitDefines.h */,
				CA8A24A31D24EF26002731BC /* LFViewRecycler.h */,
				CA8A24A41D24EF26002731BC /* LFViewRecycler.m */,
				CA8A24D01D26714F002731BC /* LFContentSize.h */,
				CA8A24D11D26714F002731BC /* LFContentSize.m */,
				CA8A25231D2DF5AC002731BC /* LFGeometryUtils.h */,
				CA8A25241D2DF5AC002731BC /* LFGeometryUtils.m */,
				CA8A25261D2E085C002731BC /* LFUIImageUtils.h */,
				CA8A25271D2E085C002731BC /* LFUIImageUtils.m */,
				CA8A252B1D2E2992002731BC /* LFGIFImage.h */,
				CA8A252C1D2E2992002731BC /* LFGIFImage.m */,
			);
			path = src;
			sourceTree = "<group>";
		};
		CA8A24B81D266085002731BC /* LFToolboxSecurity */ = {
			isa = PBXGroup;
			children = (
				CA8A24C01D2660B3002731BC /* src */,
			);
			path = LFToolboxSecurity;
			sourceTree = "<group>";
		};
		CA8A24C01D2660B3002731BC /* src */ = {
			isa = PBXGroup;
			children = (
				CA8A25201D2BC884002731BC /* LFRSACryptor.h */,
				CA8A25211D2BC884002731BC /* LFRSACryptor.m */,
				CA8A24C11D2660D6002731BC /* LFCCHexStringEncoding.h */,
				CA8A24C21D2660D6002731BC /* LFCCHexStringEncoding.m */,
				CA8A24C31D2660D6002731BC /* LFCommonCrypto.h */,
				CA8A24C41D2660D6002731BC /* LFCommonCryptor.h */,
				CA8A24C51D2660D6002731BC /* LFCommonCryptor.m */,
				CA8A24C61D2660D6002731BC /* LFCommonDigest.h */,
				CA8A24C71D2660D6002731BC /* LFCommonDigest.m */,
				CA8A24C81D2660D6002731BC /* LFCommonHMAC.h */,
				CA8A24C91D2660D6002731BC /* LFCommonHMAC.m */,
			);
			path = src;
			sourceTree = "<group>";
		};
		CA8A24D81D2A01C8002731BC /* LFToolboxUIKitTests */ = {
			isa = PBXGroup;
			children = (
				CA8A24D91D2A01C8002731BC /* LFToolboxUIKitTests.m */,
				CA8A24DB1D2A01C8002731BC /* Info.plist */,
			);
			path = LFToolboxUIKitTests;
			sourceTree = "<group>";
		};
		CA8A250F1D2B526C002731BC /* minizip */ = {
			isa = PBXGroup;
			children = (
				CA8A25101D2B528B002731BC /* crypt.h */,
				CA8A25111D2B528B002731BC /* ioapi.c */,
				CA8A25121D2B528B002731BC /* ioapi.h */,
				CA8A25131D2B528B002731BC /* mztools.c */,
				CA8A25141D2B528B002731BC /* mztools.h */,
				CA8A25151D2B528B002731BC /* unzip.c */,
				CA8A25161D2B528B002731BC /* unzip.h */,
				CA8A25171D2B528B002731BC /* zip.c */,
				CA8A25181D2B528B002731BC /* zip.h */,
			);
			path = minizip;
			sourceTree = "<group>";
		};
/* End PBXGroup section */

/* Begin PBXNativeTarget section */
		CA8A24511D24BEB3002731BC /* LFCore */ = {
			isa = PBXNativeTarget;
			buildConfigurationList = CA8A24581D24BEB3002731BC /* Build configuration list for PBXNativeTarget "LFCore" */;
			buildPhases = (
				CA8A244E1D24BEB3002731BC /* Sources */,
				CA8A244F1D24BEB3002731BC /* Frameworks */,
				CA8A24501D24BEB3002731BC /* CopyFiles */,
			);
			buildRules = (
			);
			dependencies = (
			);
			name = LFCore;
			productName = LFCore;
			productReference = CA8A24521D24BEB3002731BC /* libLFCore.a */;
			productType = "com.apple.product-type.library.static";
		};
		CA8A24641D24BF37002731BC /* LFFoundation */ = {
			isa = PBXNativeTarget;
			buildConfigurationList = CA8A246B1D24BF37002731BC /* Build configuration list for PBXNativeTarget "LFFoundation" */;
			buildPhases = (
				CA8A24611D24BF37002731BC /* Sources */,
				CA8A24621D24BF37002731BC /* Frameworks */,
				CA8A24631D24BF37002731BC /* CopyFiles */,
			);
			buildRules = (
			);
			dependencies = (
				CA8A24CF1D2664CE002731BC /* PBXTargetDependency */,
			);
			name = LFFoundation;
			productName = LFFoundation;
			productReference = CA8A24651D24BF37002731BC /* libLFFoundation.a */;
			productType = "com.apple.product-type.library.static";
		};
		CA8A24721D24BFBA002731BC /* LFCoreTests */ = {
			isa = PBXNativeTarget;
			buildConfigurationList = CA8A247B1D24BFBA002731BC /* Build configuration list for PBXNativeTarget "LFCoreTests" */;
			buildPhases = (
				CA8A246F1D24BFBA002731BC /* Sources */,
				CA8A24701D24BFBA002731BC /* Frameworks */,
				CA8A24711D24BFBA002731BC /* Resources */,
			);
			buildRules = (
			);
			dependencies = (
				CA8A247A1D24BFBA002731BC /* PBXTargetDependency */,
			);
			name = LFCoreTests;
			productName = LFCoreTests;
			productReference = CA8A24731D24BFBA002731BC /* LFCoreTests.xctest */;
			productType = "com.apple.product-type.bundle.unit-test";
		};
		CA8A24811D24C01D002731BC /* LFFoundationTests */ = {
			isa = PBXNativeTarget;
			buildConfigurationList = CA8A248A1D24C01D002731BC /* Build configuration list for PBXNativeTarget "LFFoundationTests" */;
			buildPhases = (
				CA8A247E1D24C01D002731BC /* Sources */,
				CA8A247F1D24C01D002731BC /* Frameworks */,
				CA8A24801D24C01D002731BC /* Resources */,
			);
			buildRules = (
			);
			dependencies = (
				CA8A24891D24C01D002731BC /* PBXTargetDependency */,
			);
			name = LFFoundationTests;
			productName = LFFoundationTests;
			productReference = CA8A24821D24C01D002731BC /* LFFoundationTests.xctest */;
			productType = "com.apple.product-type.bundle.unit-test";
		};
		CA8A24981D24EE95002731BC /* LFUIKit */ = {
			isa = PBXNativeTarget;
			buildConfigurationList = CA8A249F1D24EE95002731BC /* Build configuration list for PBXNativeTarget "LFUIKit" */;
			buildPhases = (
				CA8A24951D24EE95002731BC /* Sources */,
				CA8A24961D24EE95002731BC /* Frameworks */,
				CA8A24971D24EE95002731BC /* CopyFiles */,
			);
			buildRules = (
			);
			dependencies = (
				CA8A25351D2E3456002731BC /* PBXTargetDependency */,
				CA8A25331D2E2C3C002731BC /* PBXTargetDependency */,
			);
			name = LFUIKit;
			productName = LFUIKit;
			productReference = CA8A24991D24EE95002731BC /* libLFUIKit.a */;
			productType = "com.apple.product-type.library.static";
		};
		CA8A24B61D266085002731BC /* LFToolboxSecurity */ = {
			isa = PBXNativeTarget;
			buildConfigurationList = CA8A24BD1D266086002731BC /* Build configuration list for PBXNativeTarget "LFToolboxSecurity" */;
			buildPhases = (
				CA8A24B31D266085002731BC /* Sources */,
				CA8A24B41D266085002731BC /* Frameworks */,
				CA8A24B51D266085002731BC /* CopyFiles */,
			);
			buildRules = (
			);
			dependencies = (
			);
			name = LFToolboxSecurity;
			productName = LFToolboxSecurity;
			productReference = CA8A24B71D266085002731BC /* libLFToolboxSecurity.a */;
			productType = "com.apple.product-type.library.static";
		};
		CA8A24D61D2A01C8002731BC /* LFToolboxUIKitTests */ = {
			isa = PBXNativeTarget;
			buildConfigurationList = CA8A24DF1D2A01C8002731BC /* Build configuration list for PBXNativeTarget "LFToolboxUIKitTests" */;
			buildPhases = (
				CA8A24D31D2A01C8002731BC /* Sources */,
				CA8A24D41D2A01C8002731BC /* Frameworks */,
				CA8A24D51D2A01C8002731BC /* Resources */,
			);
			buildRules = (
			);
			dependencies = (
				CA8A24DE1D2A01C8002731BC /* PBXTargetDependency */,
			);
			name = LFToolboxUIKitTests;
			productName = LFToolboxUIKitTests;
			productReference = CA8A24D71D2A01C8002731BC /* LFToolboxUIKitTests.xctest */;
			productType = "com.apple.product-type.bundle.unit-test";
		};
/* End PBXNativeTarget section */

/* Begin PBXProject section */
		CA8A24391D24BDB7002731BC /* Project object */ = {
			isa = PBXProject;
			attributes = {
				LastUpgradeCheck = 0730;
				ORGANIZATIONNAME = Youku;
				TargetAttributes = {
					CA8A24511D24BEB3002731BC = {
						CreatedOnToolsVersion = 7.3.1;
					};
					CA8A24641D24BF37002731BC = {
						CreatedOnToolsVersion = 7.3.1;
					};
					CA8A24721D24BFBA002731BC = {
						CreatedOnToolsVersion = 7.3.1;
					};
					CA8A24811D24C01D002731BC = {
						CreatedOnToolsVersion = 7.3.1;
					};
					CA8A24981D24EE95002731BC = {
						CreatedOnToolsVersion = 7.3.1;
					};
					CA8A24B61D266085002731BC = {
						CreatedOnToolsVersion = 7.3.1;
					};
					CA8A24D61D2A01C8002731BC = {
						CreatedOnToolsVersion = 7.3.1;
					};
				};
			};
			buildConfigurationList = CA8A243C1D24BDB7002731BC /* Build configuration list for PBXProject "LFToolboxKit" */;
			compatibilityVersion = "Xcode 3.2";
			developmentRegion = English;
			hasScannedForEncodings = 0;
			knownRegions = (
				en,
			);
			mainGroup = CA8A24381D24BDB7002731BC;
			productRefGroup = CA8A24421D24BDB7002731BC /* Products */;
			projectDirPath = "";
			projectRoot = "";
			targets = (
				CA8A24511D24BEB3002731BC /* LFCore */,
				CA8A24641D24BF37002731BC /* LFFoundation */,
				CA8A24981D24EE95002731BC /* LFUIKit */,
				CA8A24B61D266085002731BC /* LFToolboxSecurity */,
				CA8A24721D24BFBA002731BC /* LFCoreTests */,
				CA8A24811D24C01D002731BC /* LFFoundationTests */,
				CA8A24D61D2A01C8002731BC /* LFToolboxUIKitTests */,
			);
		};
/* End PBXProject section */

/* Begin PBXResourcesBuildPhase section */
		CA8A24711D24BFBA002731BC /* Resources */ = {
			isa = PBXResourcesBuildPhase;
			buildActionMask = 2147483647;
			files = (
			);
			runOnlyForDeploymentPostprocessing = 0;
		};
		CA8A24801D24C01D002731BC /* Resources */ = {
			isa = PBXResourcesBuildPhase;
			buildActionMask = 2147483647;
			files = (
			);
			runOnlyForDeploymentPostprocessing = 0;
		};
		CA8A24D51D2A01C8002731BC /* Resources */ = {
			isa = PBXResourcesBuildPhase;
			buildActionMask = 2147483647;
			files = (
			);
			runOnlyForDeploymentPostprocessing = 0;
		};
/* End PBXResourcesBuildPhase section */

/* Begin PBXSourcesBuildPhase section */
		CA8A244E1D24BEB3002731BC /* Sources */ = {
			isa = PBXSourcesBuildPhase;
			buildActionMask = 2147483647;
			files = (
				CACCB5591D334F22004AEA7A /* LFNSNotificationCenterUtils.m in Sources */,
				CA8A24941D24CA89002731BC /* LFPaths.m in Sources */,
				CA8A24601D24BF0E002731BC /* LFMath.m in Sources */,
				CA8A24B21D2651CF002731BC /* LFNSStringUtils.m in Sources */,
			);
			runOnlyForDeploymentPostprocessing = 0;
		};
		CA8A24611D24BF37002731BC /* Sources */ = {
			isa = PBXSourcesBuildPhase;
			buildActionMask = 2147483647;
			files = (
				CA8A24AF1D262096002731BC /* LFNSDictionaryUtils.m in Sources */,
			);
			runOnlyForDeploymentPostprocessing = 0;
		};
		CA8A246F1D24BFBA002731BC /* Sources */ = {
			isa = PBXSourcesBuildPhase;
			buildActionMask = 2147483647;
			files = (
				CA8A248E1D24C045002731BC /* LFMathTestCase.m in Sources */,
			);
			runOnlyForDeploymentPostprocessing = 0;
		};
		CA8A247E1D24C01D002731BC /* Sources */ = {
			isa = PBXSourcesBuildPhase;
			buildActionMask = 2147483647;
			files = (
				CA8A24851D24C01D002731BC /* LFFoundationTests.m in Sources */,
			);
			runOnlyForDeploymentPostprocessing = 0;
		};
		CA8A24951D24EE95002731BC /* Sources */ = {
			isa = PBXSourcesBuildPhase;
			buildActionMask = 2147483647;
			files = (
				CA8A24A51D24EF26002731BC /* LFViewRecycler.m in Sources */,
			);
			runOnlyForDeploymentPostprocessing = 0;
		};
		CA8A24B31D266085002731BC /* Sources */ = {
			isa = PBXSourcesBuildPhase;
			buildActionMask = 2147483647;
			files = (
				CA8A250E1D2B5262002731BC /* LFZipArchive.m in Sources */,
				CA8A251B1D2B528B002731BC /* unzip.c in Sources */,
				CA8A252E1D2E2992002731BC /* LFGIFImage.m in Sources */,
				CA8A24CB1D2660D6002731BC /* LFCommonCryptor.m in Sources */,
				CA8A24CD1D2660D6002731BC /* LFCommonHMAC.m in Sources */,
				CA8A25251D2DF5AC002731BC /* LFGeometryUtils.m in Sources */,
				CA8A24CA1D2660D6002731BC /* LFCCHexStringEncoding.m in Sources */,
				CA8A251F1D2B60B6002731BC /* LFStringCoder.m in Sources */,
				CA8A25471D2F9B29002731BC /* LFNSDataUtils.m in Sources */,
				CA8A251A1D2B528B002731BC /* mztools.c in Sources */,
				CA8A24D21D26714F002731BC /* LFContentSize.m in Sources */,
				CA8A254A1D2F9ECA002731BC /* LFNSDateUtils.m in Sources */,
				CA8A24E71D2A191A002731BC /* LFNSJSONSerializationUtils.m in Sources */,
				CA8A25191D2B528B002731BC /* ioapi.c in Sources */,
				CA8A25221D2BC884002731BC /* LFRSACryptor.m in Sources */,
				CA8A251C1D2B528B002731BC /* zip.c in Sources */,
				CA8A25441D2F8EC0002731BC /* LFNSBundleUtils.m in Sources */,
				CA8A24CC1D2660D6002731BC /* LFCommonDigest.m in Sources */,
				CA8A25311D2E2BE6002731BC /* LFWeakProxy.m in Sources */,
				CA8A24E41D2A097C002731BC /* LFNSRegularExpressionUtils.m in Sources */,
				CA8A25281D2E085C002731BC /* LFUIImageUtils.m in Sources */,
			);
			runOnlyForDeploymentPostprocessing = 0;
		};
		CA8A24D31D2A01C8002731BC /* Sources */ = {
			isa = PBXSourcesBuildPhase;
			buildActionMask = 2147483647;
			files = (
				CA8A24DA1D2A01C8002731BC /* LFToolboxUIKitTests.m in Sources */,
			);
			runOnlyForDeploymentPostprocessing = 0;
		};
/* End PBXSourcesBuildPhase section */

/* Begin PBXTargetDependency section */
		CA8A247A1D24BFBA002731BC /* PBXTargetDependency */ = {
			isa = PBXTargetDependency;
			target = CA8A24511D24BEB3002731BC /* LFCore */;
			targetProxy = CA8A24791D24BFBA002731BC /* PBXContainerItemProxy */;
		};
		CA8A24891D24C01D002731BC /* PBXTargetDependency */ = {
			isa = PBXTargetDependency;
			target = CA8A24641D24BF37002731BC /* LFFoundation */;
			targetProxy = CA8A24881D24C01D002731BC /* PBXContainerItemProxy */;
		};
		CA8A24CF1D2664CE002731BC /* PBXTargetDependency */ = {
			isa = PBXTargetDependency;
			target = CA8A24B61D266085002731BC /* LFToolboxSecurity */;
			targetProxy = CA8A24CE1D2664CE002731BC /* PBXContainerItemProxy */;
		};
		CA8A24DE1D2A01C8002731BC /* PBXTargetDependency */ = {
			isa = PBXTargetDependency;
			target = CA8A24981D24EE95002731BC /* LFUIKit */;
			targetProxy = CA8A24DD1D2A01C8002731BC /* PBXContainerItemProxy */;
		};
		CA8A25331D2E2C3C002731BC /* PBXTargetDependency */ = {
			isa = PBXTargetDependency;
			target = CA8A24511D24BEB3002731BC /* LFCore */;
			targetProxy = CA8A25321D2E2C3C002731BC /* PBXContainerItemProxy */;
		};
		CA8A25351D2E3456002731BC /* PBXTargetDependency */ = {
			isa = PBXTargetDependency;
			target = CA8A24641D24BF37002731BC /* LFFoundation */;
			targetProxy = CA8A25341D2E3456002731BC /* PBXContainerItemProxy */;
		};
/* End PBXTargetDependency section */

/* Begin XCBuildConfiguration section */
		CA8A24481D24BDB7002731BC /* Debug */ = {
			isa = XCBuildConfiguration;
			buildSettings = {
				ALWAYS_SEARCH_USER_PATHS = NO;
				CLANG_ANALYZER_NONNULL = YES;
				CLANG_CXX_LANGUAGE_STANDARD = "gnu++0x";
				CLANG_CXX_LIBRARY = "libc++";
				CLANG_ENABLE_MODULES = YES;
				CLANG_ENABLE_OBJC_ARC = YES;
				CLANG_WARN_BOOL_CONVERSION = YES;
				CLANG_WARN_CONSTANT_CONVERSION = YES;
				CLANG_WARN_DIRECT_OBJC_ISA_USAGE = YES_ERROR;
				CLANG_WARN_EMPTY_BODY = YES;
				CLANG_WARN_ENUM_CONVERSION = YES;
				CLANG_WARN_INT_CONVERSION = YES;
				CLANG_WARN_OBJC_ROOT_CLASS = YES_ERROR;
				CLANG_WARN_UNREACHABLE_CODE = YES;
				CLANG_WARN__DUPLICATE_METHOD_MATCH = YES;
				"CODE_SIGN_IDENTITY[sdk=iphoneos*]" = "iPhone Developer";
				COPY_PHASE_STRIP = NO;
				DEBUG_INFORMATION_FORMAT = dwarf;
				ENABLE_STRICT_OBJC_MSGSEND = YES;
				ENABLE_TESTABILITY = YES;
				GCC_C_LANGUAGE_STANDARD = gnu99;
				GCC_DYNAMIC_NO_PIC = NO;
				GCC_NO_COMMON_BLOCKS = YES;
				GCC_OPTIMIZATION_LEVEL = 0;
				GCC_PREPROCESSOR_DEFINITIONS = (
					"DEBUG=1",
					"$(inherited)",
				);
				GCC_WARN_64_TO_32_BIT_CONVERSION = YES;
				GCC_WARN_ABOUT_RETURN_TYPE = YES_ERROR;
				GCC_WARN_UNDECLARED_SELECTOR = YES;
				GCC_WARN_UNINITIALIZED_AUTOS = YES_AGGRESSIVE;
				GCC_WARN_UNUSED_FUNCTION = YES;
				GCC_WARN_UNUSED_VARIABLE = YES;
				IPHONEOS_DEPLOYMENT_TARGET = 9.3;
				MTL_ENABLE_DEBUG_INFO = YES;
				ONLY_ACTIVE_ARCH = YES;
				SDKROOT = iphoneos;
			};
			name = Debug;
		};
		CA8A24491D24BDB7002731BC /* Release */ = {
			isa = XCBuildConfiguration;
			buildSettings = {
				ALWAYS_SEARCH_USER_PATHS = NO;
				CLANG_ANALYZER_NONNULL = YES;
				CLANG_CXX_LANGUAGE_STANDARD = "gnu++0x";
				CLANG_CXX_LIBRARY = "libc++";
				CLANG_ENABLE_MODULES = YES;
				CLANG_ENABLE_OBJC_ARC = YES;
				CLANG_WARN_BOOL_CONVERSION = YES;
				CLANG_WARN_CONSTANT_CONVERSION = YES;
				CLANG_WARN_DIRECT_OBJC_ISA_USAGE = YES_ERROR;
				CLANG_WARN_EMPTY_BODY = YES;
				CLANG_WARN_ENUM_CONVERSION = YES;
				CLANG_WARN_INT_CONVERSION = YES;
				CLANG_WARN_OBJC_ROOT_CLASS = YES_ERROR;
				CLANG_WARN_UNREACHABLE_CODE = YES;
				CLANG_WARN__DUPLICATE_METHOD_MATCH = YES;
				"CODE_SIGN_IDENTITY[sdk=iphoneos*]" = "iPhone Developer";
				COPY_PHASE_STRIP = NO;
				DEBUG_INFORMATION_FORMAT = "dwarf-with-dsym";
				ENABLE_NS_ASSERTIONS = NO;
				ENABLE_STRICT_OBJC_MSGSEND = YES;
				GCC_C_LANGUAGE_STANDARD = gnu99;
				GCC_NO_COMMON_BLOCKS = YES;
				GCC_WARN_64_TO_32_BIT_CONVERSION = YES;
				GCC_WARN_ABOUT_RETURN_TYPE = YES_ERROR;
				GCC_WARN_UNDECLARED_SELECTOR = YES;
				GCC_WARN_UNINITIALIZED_AUTOS = YES_AGGRESSIVE;
				GCC_WARN_UNUSED_FUNCTION = YES;
				GCC_WARN_UNUSED_VARIABLE = YES;
				IPHONEOS_DEPLOYMENT_TARGET = 9.3;
				MTL_ENABLE_DEBUG_INFO = NO;
				SDKROOT = iphoneos;
				VALIDATE_PRODUCT = YES;
			};
			name = Release;
		};
		CA8A24591D24BEB3002731BC /* Debug */ = {
			isa = XCBuildConfiguration;
			buildSettings = {
				OTHER_LDFLAGS = "-ObjC";
				PRODUCT_NAME = "$(TARGET_NAME)";
				SKIP_INSTALL = YES;
			};
			name = Debug;
		};
		CA8A245A1D24BEB3002731BC /* Release */ = {
			isa = XCBuildConfiguration;
			buildSettings = {
				OTHER_LDFLAGS = "-ObjC";
				PRODUCT_NAME = "$(TARGET_NAME)";
				SKIP_INSTALL = YES;
			};
			name = Release;
		};
		CA8A246C1D24BF37002731BC /* Debug */ = {
			isa = XCBuildConfiguration;
			buildSettings = {
				OTHER_LDFLAGS = "-ObjC";
				PRODUCT_NAME = "$(TARGET_NAME)";
				SKIP_INSTALL = YES;
			};
			name = Debug;
		};
		CA8A246D1D24BF37002731BC /* Release */ = {
			isa = XCBuildConfiguration;
			buildSettings = {
				OTHER_LDFLAGS = "-ObjC";
				PRODUCT_NAME = "$(TARGET_NAME)";
				SKIP_INSTALL = YES;
			};
			name = Release;
		};
		CA8A247C1D24BFBA002731BC /* Debug */ = {
			isa = XCBuildConfiguration;
			buildSettings = {
				INFOPLIST_FILE = LFToolboxCoreTests/Info.plist;
				LD_RUNPATH_SEARCH_PATHS = "$(inherited) @executable_path/Frameworks @loader_path/Frameworks";
				PRODUCT_BUNDLE_IDENTIFIER = com.youku.LFCoreTests;
				PRODUCT_NAME = "$(TARGET_NAME)";
			};
			name = Debug;
		};
		CA8A247D1D24BFBA002731BC /* Release */ = {
			isa = XCBuildConfiguration;
			buildSettings = {
				INFOPLIST_FILE = LFToolboxCoreTests/Info.plist;
				LD_RUNPATH_SEARCH_PATHS = "$(inherited) @executable_path/Frameworks @loader_path/Frameworks";
				PRODUCT_BUNDLE_IDENTIFIER = com.youku.LFCoreTests;
				PRODUCT_NAME = "$(TARGET_NAME)";
			};
			name = Release;
		};
		CA8A248B1D24C01D002731BC /* Debug */ = {
			isa = XCBuildConfiguration;
			buildSettings = {
				INFOPLIST_FILE = LFToolboxFoundationTests/Info.plist;
				LD_RUNPATH_SEARCH_PATHS = "$(inherited) @executable_path/Frameworks @loader_path/Frameworks";
				PRODUCT_BUNDLE_IDENTIFIER = com.youku.LFFoundationTests;
				PRODUCT_NAME = "$(TARGET_NAME)";
			};
			name = Debug;
		};
		CA8A248C1D24C01D002731BC /* Release */ = {
			isa = XCBuildConfiguration;
			buildSettings = {
				INFOPLIST_FILE = LFToolboxFoundationTests/Info.plist;
				LD_RUNPATH_SEARCH_PATHS = "$(inherited) @executable_path/Frameworks @loader_path/Frameworks";
				PRODUCT_BUNDLE_IDENTIFIER = com.youku.LFFoundationTests;
				PRODUCT_NAME = "$(TARGET_NAME)";
			};
			name = Release;
		};
		CA8A24A01D24EE95002731BC /* Debug */ = {
			isa = XCBuildConfiguration;
			buildSettings = {
				OTHER_LDFLAGS = "-ObjC";
				PRODUCT_NAME = "$(TARGET_NAME)";
				SKIP_INSTALL = YES;
			};
			name = Debug;
		};
		CA8A24A11D24EE95002731BC /* Release */ = {
			isa = XCBuildConfiguration;
			buildSettings = {
				OTHER_LDFLAGS = "-ObjC";
				PRODUCT_NAME = "$(TARGET_NAME)";
				SKIP_INSTALL = YES;
			};
			name = Release;
		};
		CA8A24BE1D266086002731BC /* Debug */ = {
			isa = XCBuildConfiguration;
			buildSettings = {
				OTHER_LDFLAGS = "-ObjC";
				PRODUCT_NAME = "$(TARGET_NAME)";
				SKIP_INSTALL = YES;
			};
			name = Debug;
		};
		CA8A24BF1D266086002731BC /* Release */ = {
			isa = XCBuildConfiguration;
			buildSettings = {
				OTHER_LDFLAGS = "-ObjC";
				PRODUCT_NAME = "$(TARGET_NAME)";
				SKIP_INSTALL = YES;
			};
			name = Release;
		};
		CA8A24E01D2A01C8002731BC /* Debug */ = {
			isa = XCBuildConfiguration;
			buildSettings = {
				INFOPLIST_FILE = LFToolboxUIKitTests/Info.plist;
				LD_RUNPATH_SEARCH_PATHS = "$(inherited) @executable_path/Frameworks @loader_path/Frameworks";
				PRODUCT_BUNDLE_IDENTIFIER = com.youku.LFToolboxUIKitTests;
				PRODUCT_NAME = "$(TARGET_NAME)";
			};
			name = Debug;
		};
		CA8A24E11D2A01C8002731BC /* Release */ = {
			isa = XCBuildConfiguration;
			buildSettings = {
				INFOPLIST_FILE = LFToolboxUIKitTests/Info.plist;
				LD_RUNPATH_SEARCH_PATHS = "$(inherited) @executable_path/Frameworks @loader_path/Frameworks";
				PRODUCT_BUNDLE_IDENTIFIER = com.youku.LFToolboxUIKitTests;
				PRODUCT_NAME = "$(TARGET_NAME)";
			};
			name = Release;
		};
/* End XCBuildConfiguration section */

/* Begin XCConfigurationList section */
		CA8A243C1D24BDB7002731BC /* Build configuration list for PBXProject "LFToolboxKit" */ = {
			isa = XCConfigurationList;
			buildConfigurations = (
				CA8A24481D24BDB7002731BC /* Debug */,
				CA8A24491D24BDB7002731BC /* Release */,
			);
			defaultConfigurationIsVisible = 0;
			defaultConfigurationName = Release;
		};
		CA8A24581D24BEB3002731BC /* Build configuration list for PBXNativeTarget "LFCore" */ = {
			isa = XCConfigurationList;
			buildConfigurations = (
				CA8A24591D24BEB3002731BC /* Debug */,
				CA8A245A1D24BEB3002731BC /* Release */,
			);
			defaultConfigurationIsVisible = 0;
			defaultConfigurationName = Release;
		};
		CA8A246B1D24BF37002731BC /* Build configuration list for PBXNativeTarget "LFFoundation" */ = {
			isa = XCConfigurationList;
			buildConfigurations = (
				CA8A246C1D24BF37002731BC /* Debug */,
				CA8A246D1D24BF37002731BC /* Release */,
			);
			defaultConfigurationIsVisible = 0;
			defaultConfigurationName = Release;
		};
		CA8A247B1D24BFBA002731BC /* Build configuration list for PBXNativeTarget "LFCoreTests" */ = {
			isa = XCConfigurationList;
			buildConfigurations = (
				CA8A247C1D24BFBA002731BC /* Debug */,
				CA8A247D1D24BFBA002731BC /* Release */,
			);
			defaultConfigurationIsVisible = 0;
			defaultConfigurationName = Release;
		};
		CA8A248A1D24C01D002731BC /* Build configuration list for PBXNativeTarget "LFFoundationTests" */ = {
			isa = XCConfigurationList;
			buildConfigurations = (
				CA8A248B1D24C01D002731BC /* Debug */,
				CA8A248C1D24C01D002731BC /* Release */,
			);
			defaultConfigurationIsVisible = 0;
			defaultConfigurationName = Release;
		};
		CA8A249F1D24EE95002731BC /* Build configuration list for PBXNativeTarget "LFUIKit" */ = {
			isa = XCConfigurationList;
			buildConfigurations = (
				CA8A24A01D24EE95002731BC /* Debug */,
				CA8A24A11D24EE95002731BC /* Release */,
			);
			defaultConfigurationIsVisible = 0;
			defaultConfigurationName = Release;
		};
		CA8A24BD1D266086002731BC /* Build configuration list for PBXNativeTarget "LFToolboxSecurity" */ = {
			isa = XCConfigurationList;
			buildConfigurations = (
				CA8A24BE1D266086002731BC /* Debug */,
				CA8A24BF1D266086002731BC /* Release */,
			);
			defaultConfigurationIsVisible = 0;
			defaultConfigurationName = Release;
		};
		CA8A24DF1D2A01C8002731BC /* Build configuration list for PBXNativeTarget "LFToolboxUIKitTests" */ = {
			isa = XCConfigurationList;
			buildConfigurations = (
				CA8A24E01D2A01C8002731BC /* Debug */,
				CA8A24E11D2A01C8002731BC /* Release */,
			);
			defaultConfigurationIsVisible = 0;
			defaultConfigurationName = Release;
		};
/* End XCConfigurationList section */
	};
	rootObject = CA8A24391D24BDB7002731BC /* Project object */;
}
